%{"earmark": {:hex, :earmark, "1.0.1", "2c2cd903bfdc3de3f189bd9a8d4569a075b88a8981ded9a0d95672f6e2b63141", [:mix], []},
  "ex_doc": {:hex, :ex_doc, "0.13.0", "aa2f8fe4c6136a2f7cfc0a7e06805f82530e91df00e2bff4b4362002b43ada65", [:mix], [{:earmark, "~> 1.0", [hex: :earmark, optional: false]}]},
  "ex_json_schema": {:hex, :ex_json_schema, "0.5.1", "83356e5a673d6fbe75da612a44b8f84942711630414d8be5e342f3597b03939a", [:mix], []},
  "exjsx": {:hex, :exjsx, "3.2.0", "7136cc739ace295fc74c378f33699e5145bead4fdc1b4799822d0287489136fb", [:mix], [{:jsx, "~> 2.6.2", [hex: :jsx, optional: false]}]},
  "httpotion": {:hex, :httpotion, "3.0.1", "6165e7fe4052dfeadd4b480e4ed6619975242ac91d577e4868af92613f9e99df", [:mix], [{:ibrowse, "~> 4.2", [hex: :ibrowse, optional: false]}]},
  "ibrowse": {:hex, :ibrowse, "4.2.2", "b32b5bafcc77b7277eff030ed32e1acc3f610c64e9f6aea19822abcadf681b4b", [:rebar3], []},
  "json_hyperschema_client_builder": {:hex, :json_hyperschema_client_builder, "0.6.0", "1ceda206ab25d581484c1cc9f761ce301be2e2ba05ada01de5478f5fcda45d0a", [:mix], [{:ex_json_schema, "~> 0.5.1", [hex: :ex_json_schema, optional: false]}, {:exjsx, "~> 3.2.0", [hex: :exjsx, optional: false]}, {:httpotion, "~> 3.0.0", [hex: :httpotion, optional: false]}]},
  "jsx": {:hex, :jsx, "2.6.2", "213721e058da0587a4bce3cc8a00ff6684ced229c8f9223245c6ff2c88fbaa5a", [:mix, :rebar], []}}
